
Microsoft Visual Studio Solution File, Format Version 12.00
# Visual Studio Version 17
VisualStudioVersion = 17.7.34031.279
MinimumVisualStudioVersion = 10.0.40219.1
Project("{9A19103F-16F7-4668-BE54-9A1E7A4F7556}") = "NZWalks.API", "NZWalks.API\NZWalks.API.csproj", "{580ED497-42B5-4F2F-9B5E-376BFF2FFC97}"
EndProject
Project("{FAE04EC0-301F-11D3-BF4B-00C04F79EFBC}") = "NZWalks.UI", "NZWalks.UI\NZWalks.UI.csproj", "{C694C7BE-54E8-4D79-8D77-69F4D7462BBE}"
EndProject
Global
	GlobalSection(SolutionConfigurationPlatforms) = preSolution
		Debug|Any CPU = Debug|Any CPU
		Release|Any CPU = Release|Any CPU
	EndGlobalSection
	GlobalSection(ProjectConfigurationPlatforms) = postSolution
		{580ED497-42B5-4F2F-9B5E-376BFF2FFC97}.Debug|Any CPU.ActiveCfg = Debug|Any CPU
		{580ED497-42B5-4F2F-9B5E-376BFF2FFC97}.Debug|Any CPU.Build.0 = Debug|Any CPU
		{580ED497-42B5-4F2F-9B5E-376BFF2FFC97}.Release|Any CPU.ActiveCfg = Release|Any CPU
		{580ED497-42B5-4F2F-9B5E-376BFF2FFC97}.Release|Any CPU.Build.0 = Release|Any CPU
		{C694C7BE-54E8-4D79-8D77-69F4D7462BBE}.Debug|Any CPU.ActiveCfg = Debug|Any CPU
		{C694C7BE-54E8-4D79-8D77-69F4D7462BBE}.Debug|Any CPU.Build.0 = Debug|Any CPU
		{C694C7BE-54E8-4D79-8D77-69F4D7462BBE}.Release|Any CPU.ActiveCfg = Release|Any CPU
		{C694C7BE-54E8-4D79-8D77-69F4D7462BBE}.Release|Any CPU.Build.0 = Release|Any CPU
	EndGlobalSection
	GlobalSection(SolutionProperties) = preSolution
		HideSolutionNode = FALSE
	EndGlobalSection
	GlobalSection(ExtensibilityGlobals) = postSolution
		SolutionGuid = {1B708851-641E-487A-83CD-D78691F4C1CD}
	EndGlobalSection
EndGlobal
